// !$*UTF8*$!
{
	archiveVersion = 1;
	classes = {
	};
	objectVersion = 50;
	objects = {

/* Begin PBXBuildFile section */
		3E525364240A939A00326008 /* STPrivilegedTask.m in Sources */ = {isa = PBXBuildFile; fileRef = 3E525363240A939A00326008 /* STPrivilegedTask.m */; };
		3E525389240AAD8700326008 /* abc.png in Resources */ = {isa = PBXBuildFile; fileRef = 3E525388240AAD8600326008 /* abc.png */; };
		3EF8DEAD2408C06A00039201 /* AppDelegate.m in Sources */ = {isa = PBXBuildFile; fileRef = 3EF8DEAC2408C06A00039201 /* AppDelegate.m */; };
		3EF8DEB02408C06A00039201 /* ViewController.m in Sources */ = {isa = PBXBuildFile; fileRef = 3EF8DEAF2408C06A00039201 /* ViewController.m */; };
		3EF8DEB22408C06E00039201 /* Assets.xcassets in Resources */ = {isa = PBXBuildFile; fileRef = 3EF8DEB12408C06E00039201 /* Assets.xcassets */; };
		3EF8DEB52408C06E00039201 /* Main.storyboard in Resources */ = {isa = PBXBuildFile; fileRef = 3EF8DEB32408C06E00039201 /* Main.storyboard */; };
		3EF8DEB82408C06E00039201 /* main.m in Sources */ = {isa = PBXBuildFile; fileRef = 3EF8DEB72408C06E00039201 /* main.m */; };
/* End PBXBuildFile section */

/* Begin PBXFileReference section */
		3E525362240A939A00326008 /* STPrivilegedTask.h */ = {isa = PBXFileReference; fileEncoding = 4; lastKnownFileType = sourcecode.c.h; path = STPrivilegedTask.h; sourceTree = "<group>"; };
		3E525363240A939A00326008 /* STPrivilegedTask.m */ = {isa = PBXFileReference; fileEncoding = 4; lastKnownFileType = sourcecode.c.objc; path = STPrivilegedTask.m; sourceTree = "<group>"; };
		3E525388240AAD8600326008 /* abc.png */ = {isa = PBXFileReference; lastKnownFileType = image.png; path = abc.png; sourceTree = "<group>"; };
		3EF8DEA82408C06900039201 /* Proxy.app */ = {isa = PBXFileReference; explicitFileType = wrapper.application; includeInIndex = 0; path = Proxy.app; sourceTree = BUILT_PRODUCTS_DIR; };
		3EF8DEAB2408C06A00039201 /* AppDelegate.h */ = {isa = PBXFileReference; lastKnownFileType = sourcecode.c.h; path = AppDelegate.h; sourceTree = "<group>"; };
		3EF8DEAC2408C06A00039201 /* AppDelegate.m */ = {isa = PBXFileReference; lastKnownFileType = sourcecode.c.objc; path = AppDelegate.m; sourceTree = "<group>"; };
		3EF8DEAE2408C06A00039201 /* ViewController.h */ = {isa = PBXFileReference; lastKnownFileType = sourcecode.c.h; path = ViewController.h; sourceTree = "<group>"; };
		3EF8DEAF2408C06A00039201 /* ViewController.m */ = {isa = PBXFileReference; lastKnownFileType = sourcecode.c.objc; path = ViewController.m; sourceTree = "<group>"; };
		3EF8DEB12408C06E00039201 /* Assets.xcassets */ = {isa = PBXFileReference; lastKnownFileType = folder.assetcatalog; path = Assets.xcassets; sourceTree = "<group>"; };
		3EF8DEB42408C06E00039201 /* Base */ = {isa = PBXFileReference; lastKnownFileType = file.storyboard; name = Base; path = Base.lproj/Main.storyboard; sourceTree = "<group>"; };
		3EF8DEB62408C06E00039201 /* Info.plist */ = {isa = PBXFileReference; lastKnownFileType = text.plist.xml; path = Info.plist; sourceTree = "<group>"; };
		3EF8DEB72408C06E00039201 /* main.m */ = {isa = PBXFileReference; lastKnownFileType = sourcecode.c.objc; path = main.m; sourceTree = "<group>"; };
		3EF8DEB92408C06E00039201 /* Proxy.entitlements */ = {isa = PBXFileReference; lastKnownFileType = text.plist.entitlements; path = Proxy.entitlements; sourceTree = "<group>"; };
/* End PBXFileReference section */

/* Begin PBXFrameworksBuildPhase section */
		3EF8DEA52408C06900039201 /* Frameworks */ = {
			isa = PBXFrameworksBuildPhase;
			buildActionMask = 2147483647;
			files = (
			);
			runOnlyForDeploymentPostprocessing = 0;
		};
/* End PBXFrameworksBuildPhase section */

/* Begin PBXGroup section */
		3EF8DE9F2408C06900039201 = {
			isa = PBXGroup;
			children = (
				3EF8DEAA2408C06900039201 /* Proxy */,
				3EF8DEA92408C06900039201 /* Products */,
			);
			sourceTree = "<group>";
		};
		3EF8DEA92408C06900039201 /* Products */ = {
			isa = PBXGroup;
			children = (
				3EF8DEA82408C06900039201 /* Proxy.app */,
			);
			name = Products;
			sourceTree = "<group>";
		};
		3EF8DEAA2408C06900039201 /* Proxy */ = {
			isa = PBXGroup;
			children = (
				3EF8DEAB2408C06A00039201 /* AppDelegate.h */,
				3EF8DEAC2408C06A00039201 /* AppDelegate.m */,
				3EF8DEAE2408C06A00039201 /* ViewController.h */,
				3EF8DEAF2408C06A00039201 /* ViewController.m */,
				3E525362240A939A00326008 /* STPrivilegedTask.h */,
				3E525363240A939A00326008 /* STPrivilegedTask.m */,
				3E525388240AAD8600326008 /* abc.png */,
				3EF8DEB12408C06E00039201 /* Assets.xcassets */,
				3EF8DEB32408C06E00039201 /* Main.storyboard */,
				3EF8DEB62408C06E00039201 /* Info.plist */,
				3EF8DEB72408C06E00039201 /* main.m */,
				3EF8DEB92408C06E00039201 /* Proxy.entitlements */,
			);
			path = Proxy;
			sourceTree = "<group>";
		};
/* End PBXGroup section */

/* Begin PBXNativeTarget section */
		3EF8DEA72408C06900039201 /* Proxy */ = {
			isa = PBXNativeTarget;
			buildConfigurationList = 3EF8DEBC2408C06E00039201 /* Build configuration list for PBXNativeTarget "Proxy" */;
			buildPhases = (
				3EF8DEA42408C06900039201 /* Sources */,
				3EF8DEA52408C06900039201 /* Frameworks */,
				3EF8DEA62408C06900039201 /* Resources */,
			);
			buildRules = (
			);
			dependencies = (
			);
			name = Proxy;
			productName = Proxy;
			productReference = 3EF8DEA82408C06900039201 /* Proxy.app */;
			productType = "com.apple.product-type.application";
		};
/* End PBXNativeTarget section */

/* Begin PBXProject section */
		3EF8DEA02408C06900039201 /* Project object */ = {
			isa = PBXProject;
			attributes = {
				LastUpgradeCheck = 1130;
				ORGANIZATIONNAME = 58;
				TargetAttributes = {
					3EF8DEA72408C06900039201 = {
						CreatedOnToolsVersion = 11.3;
					};
				};
			};
			buildConfigurationList = 3EF8DEA32408C06900039201 /* Build configuration list for PBXProject "Proxy" */;
			compatibilityVersion = "Xcode 9.3";
			developmentRegion = en;
			hasScannedForEncodings = 0;
			knownRegions = (
				en,
				Base,
			);
			mainGroup = 3EF8DE9F2408C06900039201;
			productRefGroup = 3EF8DEA92408C06900039201 /* Products */;
			projectDirPath = "";
			projectRoot = "";
			targets = (
				3EF8DEA72408C06900039201 /* Proxy */,
			);
		};
/* End PBXProject section */

/* Begin PBXResourcesBuildPhase section */
		3EF8DEA62408C06900039201 /* Resources */ = {
			isa = PBXResourcesBuildPhase;
			buildActionMask = 2147483647;
			files = (
				3E525389240AAD8700326008 /* abc.png in Resources */,
				3EF8DEB22408C06E00039201 /* Assets.xcassets in Resources */,
				3EF8DEB52408C06E00039201 /* Main.storyboard in Resources */,
			);
			runOnlyForDeploymentPostprocessing = 0;
		};
/* End PBXResourcesBuildPhase section */

/* Begin PBXSourcesBuildPhase section */
		3EF8DEA42408C06900039201 /* Sources */ = {
			isa = PBXSourcesBuildPhase;
			buildActionMask = 2147483647;
			files = (
				3EF8DEB02408C06A00039201 /* ViewController.m in Sources */,
				3EF8DEB82408C06E00039201 /* main.m in Sources */,
				3E525364240A939A00326008 /* STPrivilegedTask.m in Sources */,
				3EF8DEAD2408C06A00039201 /* AppDelegate.m in Sources */,
			);
			runOnlyForDeploymentPostprocessing = 0;
		};
/* End PBXSourcesBuildPhase section */

/* Begin PBXVariantGroup section */
		3EF8DEB32408C06E00039201 /* Main.storyboard */ = {
			isa = PBXVariantGroup;
			children = (
				3EF8DEB42408C06E00039201 /* Base */,
			);
			name = Main.storyboard;
			sourceTree = "<group>";
		};
/* End PBXVariantGroup section */

/* Begin XCBuildConfiguration section */
		3EF8DEBA2408C06E00039201 /* Debug */ = {
			isa = XCBuildConfiguration;
			buildSettings = {
				ALWAYS_SEARCH_USER_PATHS = NO;
				CLANG_ANALYZER_NONNULL = YES;
				CLANG_ANALYZER_NUMBER_OBJECT_CONVERSION = YES_AGGRESSIVE;
				CLANG_CXX_LANGUAGE_STANDARD = "gnu++14";
				CLANG_CXX_LIBRARY = "libc++";
				CLANG_ENABLE_MODULES = YES;
				CLANG_ENABLE_OBJC_ARC = YES;
				CLANG_ENABLE_OBJC_WEAK = YES;
				CLANG_WARN_BLOCK_CAPTURE_AUTORELEASING = YES;
				CLANG_WARN_BOOL_CONVERSION = YES;
				CLANG_WARN_COMMA = YES;
				CLANG_WARN_CONSTANT_CONVERSION = YES;
				CLANG_WARN_DEPRECATED_OBJC_IMPLEMENTATIONS = YES;
				CLANG_WARN_DIRECT_OBJC_ISA_USAGE = YES_ERROR;
				CLANG_WARN_DOCUMENTATION_COMMENTS = YES;
				CLANG_WARN_EMPTY_BODY = YES;
				CLANG_WARN_ENUM_CONVERSION = YES;
				CLANG_WARN_INFINITE_RECURSION = YES;
				CLANG_WARN_INT_CONVERSION = YES;
				CLANG_WARN_NON_LITERAL_NULL_CONVERSION = YES;
				CLANG_WARN_OBJC_IMPLICIT_RETAIN_SELF = YES;
				CLANG_WARN_OBJC_LITERAL_CONVERSION = YES;
				CLANG_WARN_OBJC_ROOT_CLASS = YES_ERROR;
				CLANG_WARN_RANGE_LOOP_ANALYSIS = YES;
				CLANG_WARN_STRICT_PROTOTYPES = YES;
				CLANG_WARN_SUSPICIOUS_MOVE = YES;
				CLANG_WARN_UNGUARDED_AVAILABILITY = YES_AGGRESSIVE;
				CLANG_WARN_UNREACHABLE_CODE = YES;
				CLANG_WARN__DUPLICATE_METHOD_MATCH = YES;
				COPY_PHASE_STRIP = NO;
				DEBUG_INFORMATION_FORMAT = dwarf;
				ENABLE_STRICT_OBJC_MSGSEND = YES;
				ENABLE_TESTABILITY = YES;
				GCC_C_LANGUAGE_STANDARD = gnu11;
				GCC_DYNAMIC_NO_PIC = NO;
				GCC_NO_COMMON_BLOCKS = YES;
				GCC_OPTIMIZATION_LEVEL = 0;
				GCC_PREPROCESSOR_DEFINITIONS = (
					"DEBUG=1",
					"$(inherited)",
				);
				GCC_WARN_64_TO_32_BIT_CONVERSION = YES;
				GCC_WARN_ABOUT_RETURN_TYPE = YES_ERROR;
				GCC_WARN_UNDECLARED_SELECTOR = YES;
				GCC_WARN_UNINITIALIZED_AUTOS = YES_AGGRESSIVE;
				GCC_WARN_UNUSED_FUNCTION = YES;
				GCC_WARN_UNUSED_VARIABLE = YES;
				MACOSX_DEPLOYMENT_TARGET = 10.15;
				MTL_ENABLE_DEBUG_INFO = INCLUDE_SOURCE;
				MTL_FAST_MATH = YES;
				ONLY_ACTIVE_ARCH = YES;
				SDKROOT = macosx;
			};
			name = Debug;
		};
		3EF8DEBB2408C06E00039201 /* Release */ = {
			isa = XCBuildConfiguration;
			buildSettings = {
				ALWAYS_SEARCH_USER_PATHS = NO;
				CLANG_ANALYZER_NONNULL = YES;
				CLANG_ANALYZER_NUMBER_OBJECT_CONVERSION = YES_AGGRESSIVE;
				CLANG_CXX_LANGUAGE_STANDARD = "gnu++14";
				CLANG_CXX_LIBRARY = "libc++";
				CLANG_ENABLE_MODULES = YES;
				CLANG_ENABLE_OBJC_ARC = YES;
				CLANG_ENABLE_OBJC_WEAK = YES;
				CLANG_WARN_BLOCK_CAPTURE_AUTORELEASING = YES;
				CLANG_WARN_BOOL_CONVERSION = YES;
				CLANG_WARN_COMMA = YES;
				CLANG_WARN_CONSTANT_CONVERSION = YES;
				CLANG_WARN_DEPRECATED_OBJC_IMPLEMENTATIONS = YES;
				CLANG_WARN_DIRECT_OBJC_ISA_USAGE = YES_ERROR;
				CLANG_WARN_DOCUMENTATION_COMMENTS = YES;
				CLANG_WARN_EMPTY_BODY = YES;
				CLANG_WARN_ENUM_CONVERSION = YES;
				CLANG_WARN_INFINITE_RECURSION = YES;
				CLANG_WARN_INT_CONVERSION = YES;
				CLANG_WARN_NON_LITERAL_NULL_CONVERSION = YES;
				CLANG_WARN_OBJC_IMPLICIT_RETAIN_SELF = YES;
				CLANG_WARN_OBJC_LITERAL_CONVERSION = YES;
				CLANG_WARN_OBJC_ROOT_CLASS = YES_ERROR;
				CLANG_WARN_RANGE_LOOP_ANALYSIS = YES;
				CLANG_WARN_STRICT_PROTOTYPES = YES;
				CLANG_WARN_SUSPICIOUS_MOVE = YES;
				CLANG_WARN_UNGUARDED_AVAILABILITY = YES_AGGRESSIVE;
				CLANG_WARN_UNREACHABLE_CODE = YES;
				CLANG_WARN__DUPLICATE_METHOD_MATCH = YES;
				COPY_PHASE_STRIP = NO;
				DEBUG_INFORMATION_FORMAT = "dwarf-with-dsym";
				ENABLE_NS_ASSERTIONS = NO;
				ENABLE_STRICT_OBJC_MSGSEND = YES;
				GCC_C_LANGUAGE_STANDARD = gnu11;
				GCC_NO_COMMON_BLOCKS = YES;
				GCC_WARN_64_TO_32_BIT_CONVERSION = YES;
				GCC_WARN_ABOUT_RETURN_TYPE = YES_ERROR;
				GCC_WARN_UNDECLARED_SELECTOR = YES;
				GCC_WARN_UNINITIALIZED_AUTOS = YES_AGGRESSIVE;
				GCC_WARN_UNUSED_FUNCTION = YES;
				GCC_WARN_UNUSED_VARIABLE = YES;
				MACOSX_DEPLOYMENT_TARGET = 10.15;
				MTL_ENABLE_DEBUG_INFO = NO;
				MTL_FAST_MATH = YES;
				SDKROOT = macosx;
			};
			name = Release;
		};
		3EF8DEBD2408C06E00039201 /* Debug */ = {
			isa = XCBuildConfiguration;
			buildSettings = {
				ASSETCATALOG_COMPILER_APPICON_NAME = AppIcon;
				CODE_SIGN_ENTITLEMENTS = Proxy/Proxy.entitlements;
				CODE_SIGN_STYLE = Automatic;
				COMBINE_HIDPI_IMAGES = YES;
				DEVELOPMENT_TEAM = 2MW92U9MCC;
				ENABLE_HARDENED_RUNTIME = NO;
				INFOPLIST_FILE = Proxy/Info.plist;
				LD_RUNPATH_SEARCH_PATHS = (
					"$(inherited)",
					"@executable_path/../Frameworks",
				);
				PRODUCT_BUNDLE_IDENTIFIER = aa.Proxy;
				PRODUCT_NAME = "$(TARGET_NAME)";
			};
			name = Debug;
		};
		3EF8DEBE2408C06E00039201 /* Release */ = {
			isa = XCBuildConfiguration;
			buildSettings = {
				ASSETCATALOG_COMPILER_APPICON_NAME = AppIcon;
				CODE_SIGN_ENTITLEMENTS = Proxy/Proxy.entitlements;
				CODE_SIGN_STYLE = Automatic;
				COMBINE_HIDPI_IMAGES = YES;
				DEVELOPMENT_TEAM = 2MW92U9MCC;
				ENABLE_HARDENED_RUNTIME = NO;
				INFOPLIST_FILE = Proxy/Info.plist;
				LD_RUNPATH_SEARCH_PATHS = (
					"$(inherited)",
					"@executable_path/../Frameworks",
				);
				PRODUCT_BUNDLE_IDENTIFIER = aa.Proxy;
				PRODUCT_NAME = "$(TARGET_NAME)";
			};
			name = Release;
		};
/* End XCBuildConfiguration section */

/* Begin XCConfigurationList section */
		3EF8DEA32408C06900039201 /* Build configuration list for PBXProject "Proxy" */ = {
			isa = XCConfigurationList;
			buildConfigurations = (
				3EF8DEBA2408C06E00039201 /* Debug */,
				3EF8DEBB2408C06E00039201 /* Release */,
			);
			defaultConfigurationIsVisible = 0;
			defaultConfigurationName = Release;
		};
		3EF8DEBC2408C06E00039201 /* Build configuration list for PBXNativeTarget "Proxy" */ = {
			isa = XCConfigurationList;
			buildConfigurations = (
				3EF8DEBD2408C06E00039201 /* Debug */,
				3EF8DEBE2408C06E00039201 /* Release */,
			);
			defaultConfigurationIsVisible = 0;
			defaultConfigurationName = Release;
		};
/* End XCConfigurationList section */
	};
	rootObject = 3EF8DEA02408C06900039201 /* Project object */;
}
